Microsoft Visual Studio Solution File, Format Version 12.00
# Visual Studio Version 17
VisualStudioVersion = 17.12.35527.113
MinimumVisualStudioVersion = 10.0.40219.1
Project("{9A19103F-16F7-4668-BE54-9A1E7A4F7556}") = "GameEngine", "GameEngine\GameEngine.csproj", "{4AFC869A-D410-4410-9BF5-7F748F4BA2E6}"
EndProject
Project("{9A19103F-16F7-4668-BE54-9A1E7A4F7556}") = "CategorizingTests.GameEngine.Tests", "CategorizingTests.GameEngine.Tests\CategorizingTests.GameEngine.Tests.csproj", "{6C54BF77-DA2D-4560-97A9-E3A7D189DC56}"
EndProject
Project("{FAE04EC0-301F-11D3-BF4B-00C04F79EFBC}") = "Skip.GameEngine.Tests", "Skip.GameEngine.Tests\Skip.GameEngine.Tests.csproj", "{CDBEFDAB-B577-4C4D-9E6C-4023E19569C6}"
EndProject
Project("{FAE04EC0-301F-11D3-BF4B-00C04F79EFBC}") = "TestOutputMessages.GameEngine.Tests", "TestOutputMessages.GameEngine.Tests\TestOutputMessages.GameEngine.Tests.csproj", "{DDB59771-F02D-4391-BA6B-54E6EF28133C}"
EndProject
Project("{FAE04EC0-301F-11D3-BF4B-00C04F79EFBC}") = "SharingContextAcrossClass.GameEngine.Tests", "SharingContextAcrossClass.GameEngine.Tests\SharingContextAcrossClass.GameEngine.Tests.csproj", "{06849751-861B-4C19-85F6-28117DC61DC9}"
EndProject
Project("{FAE04EC0-301F-11D3-BF4B-00C04F79EFBC}") = "SharingContext.GameEngine.Tests", "SharingContext.GameEngine.Tests\SharingContext.GameEngine.Tests.csproj", "{792D9998-931B-4C09-94AA-05C8D02A29E7}"
EndProject
Project("{FAE04EC0-301F-11D3-BF4B-00C04F79EFBC}") = "InlineData.GameEngine.Tests", "InlineData.GameEngine.Tests\InlineData.GameEngine.Tests.csproj", "{E3C61E6E-368C-4BD3-B2F4-126F7C395B93}"
EndProject
Project("{FAE04EC0-301F-11D3-BF4B-00C04F79EFBC}") = "MemberData.GameEngine.Tests", "MemberData.GameEngine.Tests\MemberData.GameEngine.Tests.csproj", "{1F16E02D-6287-4700-B6C4-819C6C3EF011}"
EndProject
Project("{FAE04EC0-301F-11D3-BF4B-00C04F79EFBC}") = "CustomAttribute.GameEngine.Tests", "CustomAttribute.GameEngine.Tests\CustomAttribute.GameEngine.Tests.csproj", "{3588D8DD-7699-4140-B9FE-7A279A3A30FD}"
EndProject
Project("{2150E333-8FDC-42A3-9474-1A3956D46DE8}") = "Data", "Data", "{C054A846-A39F-4760-AEEB-6862D358E573}"
EndProject
Project("{2150E333-8FDC-42A3-9474-1A3956D46DE8}") = "DI", "DI", "{EEB5235F-1DA3-4247-B340-8C6A1623616C}"
EndProject
Project("{2150E333-8FDC-42A3-9474-1A3956D46DE8}") = "Features", "Features", "{E5EA718F-5A46-4E35-BA87-70D16CC3287F}"
EndProject
Global
	GlobalSection(SolutionConfigurationPlatforms) = preSolution
		Debug|Any CPU = Debug|Any CPU
		Debug|x64 = Debug|x64
		Debug|x86 = Debug|x86
		Release|Any CPU = Release|Any CPU
		Release|x64 = Release|x64
		Release|x86 = Release|x86
	EndGlobalSection
	GlobalSection(ProjectConfigurationPlatforms) = postSolution
		{4AFC869A-D410-4410-9BF5-7F748F4BA2E6}.Debug|Any CPU.ActiveCfg = Debug|Any CPU
		{4AFC869A-D410-4410-9BF5-7F748F4BA2E6}.Debug|Any CPU.Build.0 = Debug|Any CPU
		{4AFC869A-D410-4410-9BF5-7F748F4BA2E6}.Debug|x64.ActiveCfg = Debug|Any CPU
		{4AFC869A-D410-4410-9BF5-7F748F4BA2E6}.Debug|x64.Build.0 = Debug|Any CPU
		{4AFC869A-D410-4410-9BF5-7F748F4BA2E6}.Debug|x86.ActiveCfg = Debug|Any CPU
		{4AFC869A-D410-4410-9BF5-7F748F4BA2E6}.Debug|x86.Build.0 = Debug|Any CPU
		{4AFC869A-D410-4410-9BF5-7F748F4BA2E6}.Release|Any CPU.ActiveCfg = Release|Any CPU
		{4AFC869A-D410-4410-9BF5-7F748F4BA2E6}.Release|Any CPU.Build.0 = Release|Any CPU
		{4AFC869A-D410-4410-9BF5-7F748F4BA2E6}.Release|x64.ActiveCfg = Release|Any CPU
		{4AFC869A-D410-4410-9BF5-7F748F4BA2E6}.Release|x64.Build.0 = Release|Any CPU
		{4AFC869A-D410-4410-9BF5-7F748F4BA2E6}.Release|x86.ActiveCfg = Release|Any CPU
		{4AFC869A-D410-4410-9BF5-7F748F4BA2E6}.Release|x86.Build.0 = Release|Any CPU
		{6C54BF77-DA2D-4560-97A9-E3A7D189DC56}.Debug|Any CPU.ActiveCfg = Debug|Any CPU
		{6C54BF77-DA2D-4560-97A9-E3A7D189DC56}.Debug|Any CPU.Build.0 = Debug|Any CPU
		{6C54BF77-DA2D-4560-97A9-E3A7D189DC56}.Debug|x64.ActiveCfg = Debug|Any CPU
		{6C54BF77-DA2D-4560-97A9-E3A7D189DC56}.Debug|x64.Build.0 = Debug|Any CPU
		{6C54BF77-DA2D-4560-97A9-E3A7D189DC56}.Debug|x86.ActiveCfg = Debug|Any CPU
		{6C54BF77-DA2D-4560-97A9-E3A7D189DC56}.Debug|x86.Build.0 = Debug|Any CPU
		{6C54BF77-DA2D-4560-97A9-E3A7D189DC56}.Release|Any CPU.ActiveCfg = Release|Any CPU
		{6C54BF77-DA2D-4560-97A9-E3A7D189DC56}.Release|Any CPU.Build.0 = Release|Any CPU
		{6C54BF77-DA2D-4560-97A9-E3A7D189DC56}.Release|x64.ActiveCfg = Release|Any CPU
		{6C54BF77-DA2D-4560-97A9-E3A7D189DC56}.Release|x64.Build.0 = Release|Any CPU
		{6C54BF77-DA2D-4560-97A9-E3A7D189DC56}.Release|x86.ActiveCfg = Release|Any CPU
		{6C54BF77-DA2D-4560-97A9-E3A7D189DC56}.Release|x86.Build.0 = Release|Any CPU
		{CDBEFDAB-B577-4C4D-9E6C-4023E19569C6}.Debug|Any CPU.ActiveCfg = Debug|Any CPU
		{CDBEFDAB-B577-4C4D-9E6C-4023E19569C6}.Debug|Any CPU.Build.0 = Debug|Any CPU
		{CDBEFDAB-B577-4C4D-9E6C-4023E19569C6}.Debug|x64.ActiveCfg = Debug|Any CPU
		{CDBEFDAB-B577-4C4D-9E6C-4023E19569C6}.Debug|x64.Build.0 = Debug|Any CPU
		{CDBEFDAB-B577-4C4D-9E6C-4023E19569C6}.Debug|x86.ActiveCfg = Debug|Any CPU
		{CDBEFDAB-B577-4C4D-9E6C-4023E19569C6}.Debug|x86.Build.0 = Debug|Any CPU
		{CDBEFDAB-B577-4C4D-9E6C-4023E19569C6}.Release|Any CPU.ActiveCfg = Release|Any CPU
		{CDBEFDAB-B577-4C4D-9E6C-4023E19569C6}.Release|Any CPU.Build.0 = Release|Any CPU
		{CDBEFDAB-B577-4C4D-9E6C-4023E19569C6}.Release|x64.ActiveCfg = Release|Any CPU
		{CDBEFDAB-B577-4C4D-9E6C-4023E19569C6}.Release|x64.Build.0 = Release|Any CPU
		{CDBEFDAB-B577-4C4D-9E6C-4023E19569C6}.Release|x86.ActiveCfg = Release|Any CPU
		{CDBEFDAB-B577-4C4D-9E6C-4023E19569C6}.Release|x86.Build.0 = Release|Any CPU
		{DDB59771-F02D-4391-BA6B-54E6EF28133C}.Debug|Any CPU.ActiveCfg = Debug|Any CPU
		{DDB59771-F02D-4391-BA6B-54E6EF28133C}.Debug|Any CPU.Build.0 = Debug|Any CPU
		{DDB59771-F02D-4391-BA6B-54E6EF28133C}.Debug|x64.ActiveCfg = Debug|Any CPU
		{DDB59771-F02D-4391-BA6B-54E6EF28133C}.Debug|x64.Build.0 = Debug|Any CPU
		{DDB59771-F02D-4391-BA6B-54E6EF28133C}.Debug|x86.ActiveCfg = Debug|Any CPU
		{DDB59771-F02D-4391-BA6B-54E6EF28133C}.Debug|x86.Build.0 = Debug|Any CPU
		{DDB59771-F02D-4391-BA6B-54E6EF28133C}.Release|Any CPU.ActiveCfg = Release|Any CPU
		{DDB59771-F02D-4391-BA6B-54E6EF28133C}.Release|Any CPU.Build.0 = Release|Any CPU
		{DDB59771-F02D-4391-BA6B-54E6EF28133C}.Release|x64.ActiveCfg = Release|Any CPU
		{DDB59771-F02D-4391-BA6B-54E6EF28133C}.Release|x64.Build.0 = Release|Any CPU
		{DDB59771-F02D-4391-BA6B-54E6EF28133C}.Release|x86.ActiveCfg = Release|Any CPU
		{DDB59771-F02D-4391-BA6B-54E6EF28133C}.Release|x86.Build.0 = Release|Any CPU
		{06849751-861B-4C19-85F6-28117DC61DC9}.Debug|Any CPU.ActiveCfg = Debug|Any CPU
		{06849751-861B-4C19-85F6-28117DC61DC9}.Debug|Any CPU.Build.0 = Debug|Any CPU
		{06849751-861B-4C19-85F6-28117DC61DC9}.Debug|x64.ActiveCfg = Debug|Any CPU
		{06849751-861B-4C19-85F6-28117DC61DC9}.Debug|x64.Build.0 = Debug|Any CPU
		{06849751-861B-4C19-85F6-28117DC61DC9}.Debug|x86.ActiveCfg = Debug|Any CPU
		{06849751-861B-4C19-85F6-28117DC61DC9}.Debug|x86.Build.0 = Debug|Any CPU
		{06849751-861B-4C19-85F6-28117DC61DC9}.Release|Any CPU.ActiveCfg = Release|Any CPU
		{06849751-861B-4C19-85F6-28117DC61DC9}.Release|Any CPU.Build.0 = Release|Any CPU
		{06849751-861B-4C19-85F6-28117DC61DC9}.Release|x64.ActiveCfg = Release|Any CPU
		{06849751-861B-4C19-85F6-28117DC61DC9}.Release|x64.Build.0 = Release|Any CPU
		{06849751-861B-4C19-85F6-28117DC61DC9}.Release|x86.ActiveCfg = Release|Any CPU
		{06849751-861B-4C19-85F6-28117DC61DC9}.Release|x86.Build.0 = Release|Any CPU
		{792D9998-931B-4C09-94AA-05C8D02A29E7}.Debug|Any CPU.ActiveCfg = Debug|Any CPU
		{792D9998-931B-4C09-94AA-05C8D02A29E7}.Debug|Any CPU.Build.0 = Debug|Any CPU
		{792D9998-931B-4C09-94AA-05C8D02A29E7}.Debug|x64.ActiveCfg = Debug|Any CPU
		{792D9998-931B-4C09-94AA-05C8D02A29E7}.Debug|x64.Build.0 = Debug|Any CPU
		{792D9998-931B-4C09-94AA-05C8D02A29E7}.Debug|x86.ActiveCfg = Debug|Any CPU
		{792D9998-931B-4C09-94AA-05C8D02A29E7}.Debug|x86.Build.0 = Debug|Any CPU
		{792D9998-931B-4C09-94AA-05C8D02A29E7}.Release|Any CPU.ActiveCfg = Release|Any CPU
		{792D9998-931B-4C09-94AA-05C8D02A29E7}.Release|Any CPU.Build.0 = Release|Any CPU
		{792D9998-931B-4C09-94AA-05C8D02A29E7}.Release|x64.ActiveCfg = Release|Any CPU
		{792D9998-931B-4C09-94AA-05C8D02A29E7}.Release|x64.Build.0 = Release|Any CPU
		{792D9998-931B-4C09-94AA-05C8D02A29E7}.Release|x86.ActiveCfg = Release|Any CPU
		{792D9998-931B-4C09-94AA-05C8D02A29E7}.Release|x86.Build.0 = Release|Any CPU
		{E3C61E6E-368C-4BD3-B2F4-126F7C395B93}.Debug|Any CPU.ActiveCfg = Debug|Any CPU
		{E3C61E6E-368C-4BD3-B2F4-126F7C395B93}.Debug|Any CPU.Build.0 = Debug|Any CPU
		{E3C61E6E-368C-4BD3-B2F4-126F7C395B93}.Debug|x64.ActiveCfg = Debug|Any CPU
		{E3C61E6E-368C-4BD3-B2F4-126F7C395B93}.Debug|x64.Build.0 = Debug|Any CPU
		{E3C61E6E-368C-4BD3-B2F4-126F7C395B93}.Debug|x86.ActiveCfg = Debug|Any CPU
		{E3C61E6E-368C-4BD3-B2F4-126F7C395B93}.Debug|x86.Build.0 = Debug|Any CPU
		{E3C61E6E-368C-4BD3-B2F4-126F7C395B93}.Release|Any CPU.ActiveCfg = Release|Any CPU
		{E3C61E6E-368C-4BD3-B2F4-126F7C395B93}.Release|Any CPU.Build.0 = Release|Any CPU
		{E3C61E6E-368C-4BD3-B2F4-126F7C395B93}.Release|x64.ActiveCfg = Release|Any CPU
		{E3C61E6E-368C-4BD3-B2F4-126F7C395B93}.Release|x64.Build.0 = Release|Any CPU
		{E3C61E6E-368C-4BD3-B2F4-126F7C395B93}.Release|x86.ActiveCfg = Release|Any CPU
		{E3C61E6E-368C-4BD3-B2F4-126F7C395B93}.Release|x86.Build.0 = Release|Any CPU
		{1F16E02D-6287-4700-B6C4-819C6C3EF011}.Debug|Any CPU.ActiveCfg = Debug|Any CPU
		{1F16E02D-6287-4700-B6C4-819C6C3EF011}.Debug|Any CPU.Build.0 = Debug|Any CPU
		{1F16E02D-6287-4700-B6C4-819C6C3EF011}.Debug|x64.ActiveCfg = Debug|Any CPU
		{1F16E02D-6287-4700-B6C4-819C6C3EF011}.Debug|x64.Build.0 = Debug|Any CPU
		{1F16E02D-6287-4700-B6C4-819C6C3EF011}.Debug|x86.ActiveCfg = Debug|Any CPU
		{1F16E02D-6287-4700-B6C4-819C6C3EF011}.Debug|x86.Build.0 = Debug|Any CPU
		{1F16E02D-6287-4700-B6C4-819C6C3EF011}.Release|Any CPU.ActiveCfg = Release|Any CPU
		{1F16E02D-6287-4700-B6C4-819C6C3EF011}.Release|Any CPU.Build.0 = Release|Any CPU
		{1F16E02D-6287-4700-B6C4-819C6C3EF011}.Release|x64.ActiveCfg = Release|Any CPU
		{1F16E02D-6287-4700-B6C4-819C6C3EF011}.Release|x64.Build.0 = Release|Any CPU
		{1F16E02D-6287-4700-B6C4-819C6C3EF011}.Release|x86.ActiveCfg = Release|Any CPU
		{1F16E02D-6287-4700-B6C4-819C6C3EF011}.Release|x86.Build.0 = Release|Any CPU
		{3588D8DD-7699-4140-B9FE-7A279A3A30FD}.Debug|Any CPU.ActiveCfg = Debug|Any CPU
		{3588D8DD-7699-4140-B9FE-7A279A3A30FD}.Debug|Any CPU.Build.0 = Debug|Any CPU
		{3588D8DD-7699-4140-B9FE-7A279A3A30FD}.Debug|x64.ActiveCfg = Debug|Any CPU
		{3588D8DD-7699-4140-B9FE-7A279A3A30FD}.Debug|x64.Build.0 = Debug|Any CPU
		{3588D8DD-7699-4140-B9FE-7A279A3A30FD}.Debug|x86.ActiveCfg = Debug|Any CPU
		{3588D8DD-7699-4140-B9FE-7A279A3A30FD}.Debug|x86.Build.0 = Debug|Any CPU
		{3588D8DD-7699-4140-B9FE-7A279A3A30FD}.Release|Any CPU.ActiveCfg = Release|Any CPU
		{3588D8DD-7699-4140-B9FE-7A279A3A30FD}.Release|Any CPU.Build.0 = Release|Any CPU
		{3588D8DD-7699-4140-B9FE-7A279A3A30FD}.Release|x64.ActiveCfg = Release|Any CPU
		{3588D8DD-7699-4140-B9FE-7A279A3A30FD}.Release|x64.Build.0 = Release|Any CPU
		{3588D8DD-7699-4140-B9FE-7A279A3A30FD}.Release|x86.ActiveCfg = Release|Any CPU
		{3588D8DD-7699-4140-B9FE-7A279A3A30FD}.Release|x86.Build.0 = Release|Any CPU
	EndGlobalSection
	GlobalSection(SolutionProperties) = preSolution
		HideSolutionNode = FALSE
	EndGlobalSection
	GlobalSection(NestedProjects) = preSolution
		{6C54BF77-DA2D-4560-97A9-E3A7D189DC56} = {E5EA718F-5A46-4E35-BA87-70D16CC3287F}
		{CDBEFDAB-B577-4C4D-9E6C-4023E19569C6} = {E5EA718F-5A46-4E35-BA87-70D16CC3287F}
		{DDB59771-F02D-4391-BA6B-54E6EF28133C} = {EEB5235F-1DA3-4247-B340-8C6A1623616C}
		{06849751-861B-4C19-85F6-28117DC61DC9} = {EEB5235F-1DA3-4247-B340-8C6A1623616C}
		{792D9998-931B-4C09-94AA-05C8D02A29E7} = {EEB5235F-1DA3-4247-B340-8C6A1623616C}
		{E3C61E6E-368C-4BD3-B2F4-126F7C395B93} = {C054A846-A39F-4760-AEEB-6862D358E573}
		{1F16E02D-6287-4700-B6C4-819C6C3EF011} = {C054A846-A39F-4760-AEEB-6862D358E573}
		{3588D8DD-7699-4140-B9FE-7A279A3A30FD} = {C054A846-A39F-4760-AEEB-6862D358E573}
	EndGlobalSection
EndGlobal
